entgo.io/ent v0.13.1 h1:uD8QwN1h6SNphdCCzmkMN3feSUzNnVvV/WIkHKMbzOE=
entgo.io/ent v0.13.1/go.mod h1:qCEmo+biw3ccBn9OyL4ZK5dfpwg++l1Gxwac5B1206A=
github.com/DATA-DOG/go-sqlmock v1.5.0 h1:Shsta01QNfFxHCfpW6YH2STWB0MudeXXEWMr20OEh60=
github.com/DATA-DOG/go-sqlmock v1.5.0/go.mod h1:f/Ixk793poVmq4qj/V1dPUg2JEAKC73Q5eFN3EC/SaM=
github.com/davecgh/go-spew v1.1.1 h1:vj9j/u1bqnvCEfJOwUhtlOARqs3+rkHYY13jYWTU97c=
github.com/davecgh/go-spew v1.1.1/go.mod h1:J7Y8YcW2NihsgmVo/mv3lAwl/skON4iLHjSsI+c5H38=
github.com/google/uuid v1.3.0 h1:t6JiXgmwXMjEs8VusXIJk2BXHsn+wx8BZdTaoZ5fu7I=
github.com/google/uuid v1.3.0/go.mod h1:TIyPZe4MgqvfeYDBFedMoGGpEw/LqOeaOT+nhxU+yHo=
github.com/pmezard/go-difflib v1.0.0 h1:4DBwDE0NGyQoBHbLQYPwSUPoCMWR5BEzIk/f1lZbAQM=
github.com/pmezard/go-difflib v1.0.0/go.mod h1:iKH77koFhYxTK1pcRnkKkqfTogsbg7gZNVY4sRDYZ/4=
github.com/stretchr/testify v1.8.4 h1:CcVxjf3Q8PM0mHUKJCdn+eZZtm5yQwehR5yeSVQQcUk=
github.com/stretchr/testify v1.8.4/go.mod h1:sz/lmYIOXD/1dqDmKjjqLyZ2RngseejIcXlSw2iwfAo=
go.deployport.com/api-services-corelib v0.5.0 h1:trd1VAg1eFZhfGrqStNA4PVrDiufVrvpk+foq7eZvsY=
go.deployport.com/api-services-corelib v0.5.0/go.mod h1:d4G8CUwdeh5CO/JrqOMiDy7q9Afzg24B2F7f/nS56/s=
go.deployport.com/api-services-corelib v0.6.0 h1:yVF8MgDNubl45Pxr6dfGFjkBTR/DUKymPScTOhTW0p4=
go.deployport.com/api-services-corelib v0.6.0/go.mod h1:d4G8CUwdeh5CO/JrqOMiDy7q9Afzg24B2F7f/nS56/s=
go.deployport.com/specular-runtime v0.7.0 h1:dQ9f0KOwNJBOE7gsdSAJKEdZTz/mh0v66A97QFE2BJo=
go.deployport.com/specular-runtime v0.7.0/go.mod h1:Rwqc+nTMDUcvrLjUzqIeUE8cynSY+AiE+FZ9MfEf5uM=
gopkg.in/yaml.v3 v3.0.1 h1:fxVm/GzAzEWqLHuvctI91KS9hhNmmWOoWu0XTYJS7CA=
gopkg.in/yaml.v3 v3.0.1/go.mod h1:K4uyk7z7BCEPqu6E+C64Yfv1cQ7kz7rIZviUmN+EgEM=
